
Microsoft Visual Studio Solution File, Format Version 12.00
# Visual Studio Version 17
VisualStudioVersion = 17.14.36401.2 d17.14
MinimumVisualStudioVersion = 10.0.40219.1
Project("{FAE04EC0-301F-11D3-BF4B-00C04F79EFBC}") = "SetSeed", "SetSeed\SetSeed\SetSeed.csproj", "{9EFFC3D5-24C4-4BC4-9C09-4F41DB05DDF0}"
EndProject
Project("{2150E333-8FDC-42A3-9474-1A3956D46DE8}") = "Solution Items", "Solution Items", "{5B92992E-C6F4-4AD7-BCA6-4DBE2B1364BD}"
	ProjectSection(SolutionItems) = preProject
		SetSeed\CHANGELOG.md = SetSeed\CHANGELOG.md
		SetSeed\Dependencies.props = SetSeed\Dependencies.props
		SetSeed\GameFolder.props = SetSeed\GameFolder.props
		SetSeed\icon.png = SetSeed\icon.png
		SetSeed\ManifestInfo.props = SetSeed\ManifestInfo.props
		SetSeed\README.md = SetSeed\README.md
	EndProjectSection
EndProject
Global
	GlobalSection(SolutionConfigurationPlatforms) = preSolution
		Debug|Any CPU = Debug|Any CPU
		Release|Any CPU = Release|Any CPU
	EndGlobalSection
	GlobalSection(ProjectConfigurationPlatforms) = postSolution
		{9EFFC3D5-24C4-4BC4-9C09-4F41DB05DDF0}.Debug|Any CPU.ActiveCfg = Debug|Any CPU
		{9EFFC3D5-24C4-4BC4-9C09-4F41DB05DDF0}.Debug|Any CPU.Build.0 = Debug|Any CPU
		{9EFFC3D5-24C4-4BC4-9C09-4F41DB05DDF0}.Release|Any CPU.ActiveCfg = Release|Any CPU
		{9EFFC3D5-24C4-4BC4-9C09-4F41DB05DDF0}.Release|Any CPU.Build.0 = Release|Any CPU
	EndGlobalSection
	GlobalSection(SolutionProperties) = preSolution
		HideSolutionNode = FALSE
	EndGlobalSection
	GlobalSection(ExtensibilityGlobals) = postSolution
		SolutionGuid = {CEF85808-6322-4210-BDED-67A1CC4F6826}
	EndGlobalSection
EndGlobal
